
Microsoft Visual Studio Solution File, Format Version 12.00
Project("{FAE04EC0-301F-11D3-BF4B-00C04F79EFBC}") = "Pandax.NugetTest", "Pandax.NugetTest\Pandax.NugetTest.csproj", "{758C5566-3511-4BC0-B332-227D9DBBFDEB}"
EndProject
Global
	GlobalSection(SolutionConfigurationPlatforms) = preSolution
		Debug|Any CPU = Debug|Any CPU
		Release|Any CPU = Release|Any CPU
	EndGlobalSection
	GlobalSection(ProjectConfigurationPlatforms) = postSolution
		{758C5566-3511-4BC0-B332-227D9DBBFDEB}.Debug|Any CPU.ActiveCfg = Debug|Any CPU
		{758C5566-3511-4BC0-B332-227D9DBBFDEB}.Debug|Any CPU.Build.0 = Debug|Any CPU
		{758C5566-3511-4BC0-B332-227D9DBBFDEB}.Release|Any CPU.ActiveCfg = Release|Any CPU
		{758C5566-3511-4BC0-B332-227D9DBBFDEB}.Release|Any CPU.Build.0 = Release|Any CPU
	EndGlobalSection
EndGlobal
